PODS:
  - Capacitor (5.2.2):
    - CapacitorCordova
  - CapacitorCordova (5.2.2)
  - SSZipArchive (2.2.3)

DEPENDENCIES:
  - "Capacitor (from `../node_modules/@capacitor/ios`)"
  - "CapacitorCordova (from `../node_modules/@capacitor/ios`)"
  - SSZipArchive (~> 2.2.2)

SPEC REPOS:
  trunk:
    - SSZipArchive

EXTERNAL SOURCES:
  Capacitor:
    :path: "../node_modules/@capacitor/ios"
  CapacitorCordova:
    :path: "../node_modules/@capacitor/ios"

SPEC CHECKSUMS:
  Capacitor: 070b18988e0f566728ae9a5eb3a7a974595f1626
  CapacitorCordova: 3773395d5331add072300ff6041ca2cf7b93cb0b
  SSZipArchive: 62d4947b08730e4cda640473b0066d209ff033c9

PODFILE CHECKSUM: e837cf818d2a429f4c2b16994e765f865a9bfd9c

COCOAPODS: 1.12.1
